
Microsoft Visual Studio Solution File, Format Version 12.00
# Visual Studio Version 16
VisualStudioVersion = 16.0.30204.135
MinimumVisualStudioVersion = 10.0.40219.1
Project("{9A19103F-16F7-4668-BE54-9A1E7A4F7556}") = "WookieBooks", "WookieBooks.csproj", "{23C74A68-11AF-4E42-97E7-8EAB23F36F2D}"
EndProject
Project("{9A19103F-16F7-4668-BE54-9A1E7A4F7556}") = "WookieBooks.Test", "..\WookieBooks.Test\WookieBooks.Test.csproj", "{33F310F8-6AA5-49B3-ADC3-2A1EC4B0AA5A}"
EndProject
Global
	GlobalSection(SolutionConfigurationPlatforms) = preSolution
		Debug|Any CPU = Debug|Any CPU
		Release|Any CPU = Release|Any CPU
	EndGlobalSection
	GlobalSection(ProjectConfigurationPlatforms) = postSolution
		{23C74A68-11AF-4E42-97E7-8EAB23F36F2D}.Debug|Any CPU.ActiveCfg = Debug|Any CPU
		{23C74A68-11AF-4E42-97E7-8EAB23F36F2D}.Debug|Any CPU.Build.0 = Debug|Any CPU
		{23C74A68-11AF-4E42-97E7-8EAB23F36F2D}.Release|Any CPU.ActiveCfg = Release|Any CPU
		{23C74A68-11AF-4E42-97E7-8EAB23F36F2D}.Release|Any CPU.Build.0 = Release|Any CPU
		{33F310F8-6AA5-49B3-ADC3-2A1EC4B0AA5A}.Debug|Any CPU.ActiveCfg = Debug|Any CPU
		{33F310F8-6AA5-49B3-ADC3-2A1EC4B0AA5A}.Debug|Any CPU.Build.0 = Debug|Any CPU
		{33F310F8-6AA5-49B3-ADC3-2A1EC4B0AA5A}.Release|Any CPU.ActiveCfg = Release|Any CPU
		{33F310F8-6AA5-49B3-ADC3-2A1EC4B0AA5A}.Release|Any CPU.Build.0 = Release|Any CPU
	EndGlobalSection
	GlobalSection(SolutionProperties) = preSolution
		HideSolutionNode = FALSE
	EndGlobalSection
	GlobalSection(ExtensibilityGlobals) = postSolution
		SolutionGuid = {10309C66-C464-4F37-828A-95393E0BF2E6}
	EndGlobalSection
EndGlobal
